lockfileVersion: '6.0'

settings:
  autoInstallPeers: true
  excludeLinksFromLockfile: false

dependencies:
  html-to-image:
    specifier: ^1.11.11
    version: 1.11.11

packages:

  /html-to-image@1.11.11:
    resolution: {integrity: sha512-9gux8QhvjRO/erSnDPv28noDZcPZmYE7e1vFsBLKLlRlKDSqNJYebj6Qz1TGd5lsRV+X+xYyjCKjuZdABinWjA==}
    dev: false
